
Microsoft Visual Studio Solution File, Format Version 12.00
# Visual Studio Version 16
VisualStudioVersion = 16.0.31205.134
MinimumVisualStudioVersion = 10.0.40219.1
Project("{FAE04EC0-301F-11D3-BF4B-00C04F79EFBC}") = "be-test", "be-test\be-test.csproj", "{AC4AF8FF-A6B7-4BA3-B34E-96A23F89172D}"
EndProject
Global
	GlobalSection(SolutionConfigurationPlatforms) = preSolution
		Debug|Any CPU = Debug|Any CPU
		Release|Any CPU = Release|Any CPU
	EndGlobalSection
	GlobalSection(ProjectConfigurationPlatforms) = postSolution
		{AC4AF8FF-A6B7-4BA3-B34E-96A23F89172D}.Debug|Any CPU.ActiveCfg = Debug|Any CPU
		{AC4AF8FF-A6B7-4BA3-B34E-96A23F89172D}.Debug|Any CPU.Build.0 = Debug|Any CPU
		{AC4AF8FF-A6B7-4BA3-B34E-96A23F89172D}.Release|Any CPU.ActiveCfg = Release|Any CPU
		{AC4AF8FF-A6B7-4BA3-B34E-96A23F89172D}.Release|Any CPU.Build.0 = Release|Any CPU
	EndGlobalSection
	GlobalSection(SolutionProperties) = preSolution
		HideSolutionNode = FALSE
	EndGlobalSection
	GlobalSection(ExtensibilityGlobals) = postSolution
		SolutionGuid = {49CFC672-9103-4EF7-B2B1-EEB6156D9E99}
	EndGlobalSection
EndGlobal
